{
  "version": "4",
  "specifiers": {
    "npm:@react-email/components@0.0.22": "0.0.22_react@18.3.1",
    "npm:react@18.3.1": "18.3.1",
    "npm:resend@4.0.0": "4.0.0_react@18.3.1",
    "npm:resend@4.1.2": "4.1.2_react@18.3.1",
    "npm:standardwebhooks@1.0.0": "1.0.0"
  },
  "npm": {
    "@isaacs/cliui@8.0.2": {
      "integrity": "sha512-O8jcjabXaleOG9DQ0+ARXWZBTfnP4WNAqzuiJK7ll44AmxGKv/J2M4TPjxjY3znBCfvBXFzucm1twdyFybFqEA==",
      "dependencies": [
        "string-width@5.1.2",
        "string-width-cjs@npm:string-width@4.2.3",
        "strip-ansi@7.1.0",
        "strip-ansi-cjs@npm:strip-ansi@6.0.1",
        "wrap-ansi@8.1.0",
        "wrap-ansi-cjs@npm:wrap-ansi@7.0.0"
      ]
    },
    "@one-ini/wasm@0.1.1": {
      "integrity": "sha512-XuySG1E38YScSJoMlqovLru4KTUNSjgVTIjyh7qMX6aNN5HY5Ct5LhRJdxO79JtTzKfzV/bnWpz+zquYrISsvw=="
    },
    "@pkgjs/parseargs@0.11.0": {
      "integrity": "sha512-+1VkjdD0QBLPodGrJUeqarH8VAIvQODIbwh9XpP5Syisf7YoQgsJKPNFoqqLQlu+VQ/tVSshMR6loPMn8U+dPg=="
    },
    "@radix-ui/react-compose-refs@1.1.0_react@18.3.1": {
      "integrity": "sha512-b4inOtiaOnYf9KWyO3jAeeCG6FeyfY6ldiEPanbUjWd+xIk5wZeHa8yVwmrJ2vderhu/BQvzCrJI0lHd+wIiqw==",
      "dependencies": [
        "react"
      ]
    },
    "@radix-ui/react-slot@1.1.0_react@18.3.1": {
      "integrity": "sha512-FUCf5XMfmW4dtYl69pdS4DbxKy8nj4M7SafBgPllysxmdachynNflAdp/gCsnYWNDnge6tI9onzMp5ARYc1KNw==",
      "dependencies": [
        "@radix-ui/react-compose-refs",
        "react"
      ]
    },
    "@react-email/body@0.0.9_react@18.3.1": {
      "integrity": "sha512-bSGF6j+MbfQKYnnN+Kf57lGp/J+ci+435OMIv/BKAtfmNzHL+ptRrsINJELiO8QzwnZmQjTGKSMAMMJiQS+xwQ==",
      "dependencies": [
        "react"
      ]
    },
    "@react-email/button@0.0.16_react@18.3.1": {
      "integrity": "sha512-paptUerzDhKHEUmBuT0UecCoqo3N6ZQSyDKC1hFALTwKReGW2xQATisinho9Ybh9ZGw6IZ3n1nGtmX5k2sX70Q==",
      "dependencies": [
        "react"
      ]
    },
    "@react-email/code-block@0.0.6_react@18.3.1": {
      "integrity": "sha512-i+TEeI7AyG1pmtO2Mr+TblV08zQnOtTlYB/v45kFMlDWWKTkvIV33oLRqLYOFhCIvoO5fDZA9T+4m6PvhmcNwQ==",
      "dependencies": [
        "prismjs",
        "react"
      ]
    },
    "@react-email/code-inline@0.0.3_react@18.3.1": {
      "integrity": "sha512-SY5Nn4KhjcqqEBHvUwFlOLNmUT78elIGR+Y14eg02LrVKQJ38mFCfXNGDLk4wbP/2dnidkLYq9+60nf7mFMhnQ==",
      "dependencies": [
        "react"
      ]
    },
    "@react-email/column@0.0.11_react@18.3.1": {
      "integrity": "sha512-KvrPuQFn0hlItRRL3vmRuOJgKG+8I0oO9HM5ReLMi5Ns313JSEQogCJaXuOEFkOVeuu5YyY6zy/+5Esccc1AxQ==",
      "dependencies": [
        "react"
      ]
    },
    "@react-email/components@0.0.22_react@18.3.1": {
      "integrity": "sha512-GO6F+fS3c3aQ6OnqL8esQ/KqtrPGwz80U6uQ8Nd/ETpgFt7y1PXvSGfr8v12wyLffAagdowc/JjoThfIr0L6aA==",
      "dependencies": [
        "@react-email/body",
        "@react-email/button",
        "@react-email/code-block",
        "@react-email/code-inline",
        "@react-email/column",
        "@react-email/container",
        "@react-email/font",
        "@react-email/head",
        "@react-email/heading",
        "@react-email/hr",
        "@react-email/html",
        "@react-email/img",
        "@react-email/link",
        "@react-email/markdown",
        "@react-email/preview",
        "@react-email/render@0.0.17_react@18.3.1_react-dom@18.3.1__react@18.3.1",
        "@react-email/row",
        "@react-email/section",
        "@react-email/tailwind",
        "@react-email/text",
        "react"
      ]
    },
    "@react-email/container@0.0.13_react@18.3.1": {
      "integrity": "sha512-ftke0N1FZl8MX3XXxXiiOaiJOnrQz7ZXUyqNj81K+BK+DePWIVaSmgK6Bu8fFnsgwdKuBdqjZTEtF4sIkU3FuQ==",
      "dependencies": [
        "react"
      ]
    },
    "@react-email/font@0.0.7_react@18.3.1": {
      "integrity": "sha512-R0/mfUV/XcUQIALjZUFT9GP+XGmIP1KPz20h9rpS5e4ji6VkQ3ENWlisxrdK5U+KA9iZQrlan+/6tUoTJ9bFsg==",
      "dependencies": [
        "react"
      ]
    },
    "@react-email/head@0.0.10_react@18.3.1": {
      "integrity": "sha512-VoH399w0/i3dJFnwH0Ixf9BTuiWhSA/y8PpsCJ7CPw8Mv8WNBqMAAsw0rmrITYI8uPd15LZ2zk2uwRDvqasMRw==",
      "dependencies": [
        "react"
      ]
    },
    "@react-email/heading@0.0.13_react@18.3.1": {
      "integrity": "sha512-MYDzjJwljKHBLueLuyqkaHxu6N4aGOL1ms2NNyJ9WXC9mmBnLs4Y/QEf9SjE4Df3AW4iT9uyfVHuaNUb7uq5QA==",
      "dependencies": [
        "@radix-ui/react-slot",
        "react"
      ]
    },
    "@react-email/hr@0.0.9_react@18.3.1": {
      "integrity": "sha512-Rte+EZL3ptH3rkVU3a7fh8/06mZ6Q679tDaWDjsw3878RQC9afWqUPp5lwgA/1pTouLmJlDs2BjRnV6H84O7iw==",
      "dependencies": [
        "react"
      ]
    },
    "@react-email/html@0.0.9_react@18.3.1": {
      "integrity": "sha512-NB74xwWaOJZxhpiy6pzkhHvugBa2vvmUa0KKnSwOEIX+WEQH8wj5UUhRN4F+Pmkiqz3QBTETUJiSsNWWFtrHgA==",
      "dependencies": [
        "react"
      ]
    },
    "@react-email/img@0.0.9_react@18.3.1": {
      "integrity": "sha512-zDlQWmlSANb2dBYhDaKD12Z4xaGD5mEf3peawBYHGxYySzMLwRT2ANGvFqpDNd7iT0C5po+/9EWR8fS1dLy0QQ==",
      "dependencies": [
        "react"
      ]
    },
    "@react-email/link@0.0.9_react@18.3.1": {
      "integrity": "sha512-rRqWGPUTGFwwtMCtsdCHNh0ewOsd4UBG/D12UcwJYFKRb0U6hUG/6VJZE3tB1QYZpLIESdvOLL6ztznh+D749g==",
      "dependencies": [
        "react"
      ]
    },
    "@react-email/markdown@0.0.11_react@18.3.1": {
      "integrity": "sha512-KeDTS0bAvvtgavYAIAmxKpRxWUSr1/jufckDzu9g4QsQtth8wYaSR5wCPXuTPmhFgJMIlNSlOiBnVp+oRbDtKA==",
      "dependencies": [
        "md-to-react-email",
        "react"
      ]
    },
    "@react-email/preview@0.0.10_react@18.3.1": {
      "integrity": "sha512-bRrv8teMMBlF7ttLp1zZUejkPUzrwMQXrigdagtEBOqsB8HxvJU2MR6Yyb3XOqBYldaIDOQJ1z61zyD2wRlKAw==",
      "dependencies": [
        "react"
      ]
    },
    "@react-email/render@0.0.17_react@18.3.1_react-dom@18.3.1__react@18.3.1": {
      "integrity": "sha512-xBQ+/73+WsGuXKY7r1U73zMBNV28xdV0cp9cFjhNYipBReDHhV97IpA6v7Hl0dDtDzt+yS/72dY5vYXrF1v8NA==",
      "dependencies": [
        "html-to-text",
        "js-beautify",
        "react",
        "react-dom",
        "react-promise-suspense"
      ]
    },
    "@react-email/render@1.0.1_react@18.3.1_react-dom@18.3.1__react@18.3.1": {
      "integrity": "sha512-W3gTrcmLOVYnG80QuUp22ReIT/xfLsVJ+n7ghSlG2BITB8evNABn1AO2rGQoXuK84zKtDAlxCdm3hRyIpZdGSA==",
      "dependencies": [
        "html-to-text",
        "js-beautify",
        "react",
        "react-dom",
        "react-promise-suspense"
      ]
    },
    "@react-email/row@0.0.9_react@18.3.1": {
      "integrity": "sha512-ZDASHVvyKrWBS00o5pSH5khfMf46UtZhrHcSAfPSiC4nj7R8A0bf+3Wmbk8YmsaV+qWXUCUSHWwIAAlMRnJoAA==",
      "dependencies": [
        "react"
      ]
    },
    "@react-email/section@0.0.13_react@18.3.1": {
      "integrity": "sha512-McsCQ5NQlNWEMEAR3EtCxHgRhxGmLD+jPvj7A3FD7y2X3fXG0hbmUGX12B63rIywSWjJoQi6tojx/8RpzbyeTA==",
      "dependencies": [
        "react"
      ]
    },
    "@react-email/tailwind@0.0.19_react@18.3.1": {
      "integrity": "sha512-bA0w4D7mSNowxWhcO0jBJauFIPf2Ok7QuKlrHwCcxyX35L2pb5D6ZmXYOrD9C6ADQuVz5oEX+oed3zpSLROgPg==",
      "dependencies": [
        "react"
      ]
    },
    "@react-email/text@0.0.9_react@18.3.1": {
      "integrity": "sha512-UNFPGerER3zywpb1ODOS2VgHP7rgOmiTxMHn75pjvQf/gi3/jN9edEQLYvRgPv/mNn4IpJFkOrlP8jcammLeew==",
      "dependencies": [
        "react"
      ]
    },
    "@selderee/plugin-htmlparser2@0.11.0": {
      "integrity": "sha512-P33hHGdldxGabLFjPPpaTxVolMrzrcegejx+0GxjrIb9Zv48D8yAIA/QTDR2dFl7Uz7urX8aX6+5bCZslr+gWQ==",
      "dependencies": [
        "domhandler",
        "selderee"
      ]
    },
    "@stablelib/base64@1.0.1": {
      "integrity": "sha512-1bnPQqSxSuc3Ii6MhBysoWCg58j97aUjuCSZrGSmDxNqtytIi0k8utUenAwTZN4V5mXXYGsVUI9zeBqy+jBOSQ=="
    },
    "abbrev@3.0.0": {
      "integrity": "sha512-+/kfrslGQ7TNV2ecmQwMJj/B65g5KVq1/L3SGVZ3tCYGqlzFuFCGBZJtMP99wH3NpEUyAjn0zPdPUg0D+DwrOA=="
    },
    "ansi-regex@5.0.1": {
      "integrity": "sha512-quJQXlTSUGL2LH9SUXo8VwsY4soanhgo6LNSm84E1LBcE8s3O0wpdiRzyR9z/ZZJMlMWv37qOOb9pdJlMUEKFQ=="
    },
    "ansi-regex@6.1.0": {
      "integrity": "sha512-7HSX4QQb4CspciLpVFwyRe79O3xsIZDDLER21kERQ71oaPodF8jL725AgJMFAYbooIqolJoRLuM81SpeUkpkvA=="
    },
    "ansi-styles@4.3.0": {
      "integrity": "sha512-zbB9rCJAT1rbjiVDb2hqKFHNYLxgtk8NURxZ3IZwD3F6NtxbXZQCnnSi1Lkx+IDohdPlFp222wVALIheZJQSEg==",
      "dependencies": [
        "color-convert"
      ]
    },
    "ansi-styles@6.2.1": {
      "integrity": "sha512-bN798gFfQX+viw3R7yrGWRqnrN2oRkEkUjjl4JNn4E8GxxbjtG3FbrEIIY3l8/hrwUwIeCZvi4QuOTP4MErVug=="
    },
    "balanced-match@1.0.2": {
      "integrity": "sha512-3oSeUO0TMV67hN1AmbXsK4yaqU7tjiHlbxRDZOpH0KW9+CeX4bRAaX0Anxt0tx2MrpRpWwQaPwIlISEJhYU5Pw=="
    },
    "brace-expansion@2.0.1": {
      "integrity": "sha512-XnAIvQ8eM+kC6aULx6wuQiwVsnzsi9d3WxzV3FpWTGA19F621kwdbsAcFKXgKUHZWsy+mY6iL1sHTxWEFCytDA==",
      "dependencies": [
        "balanced-match"
      ]
    },
    "color-convert@2.0.1": {
      "integrity": "sha512-RRECPsj7iu/xb5oKYcsFHSppFNnsj/52OVTRKb4zP5onXwVF3zVmmToNcOfGC+CRDpfK/U584fMg38ZHCaElKQ==",
      "dependencies": [
        "color-name"
      ]
    },
    "color-name@1.1.4": {
      "integrity": "sha512-dOy+3AuW3a2wNbZHIuMZpTcgjGuLU/uBL/ubcZF9OXbDo8ff4O8yVp5Bf0efS8uEoYo5q4Fx7dY9OgQGXgAsQA=="
    },
    "commander@10.0.1": {
      "integrity": "sha512-y4Mg2tXshplEbSGzx7amzPwKKOCGuoSRP/CjEdwwk0FOGlUbq6lKuoyDZTNZkmxHdJtp54hdfY/JUrdL7Xfdug=="
    },
    "config-chain@1.1.13": {
      "integrity": "sha512-qj+f8APARXHrM0hraqXYb2/bOVSV4PvJQlNZ/DVj0QrmNM2q2euizkeuVckQ57J+W0mRH6Hvi+k50M4Jul2VRQ==",
      "dependencies": [
        "ini",
        "proto-list"
      ]
    },
    "cross-spawn@7.0.6": {
      "integrity": "sha512-uV2QOWP2nWzsy2aMp8aRibhi9dlzF5Hgh5SHaB9OiTGEyDTiJJyx0uy51QXdyWbtAHNua4XJzUKca3OzKUd3vA==",
      "dependencies": [
        "path-key",
        "shebang-command",
        "which"
      ]
    },
    "deepmerge@4.3.1": {
      "integrity": "sha512-3sUqbMEc77XqpdNO7FRyRog+eW3ph+GYCbj+rK+uYyRMuwsVy0rMiVtPn+QJlKFvWP/1PYpapqYn0Me2knFn+A=="
    },
    "dom-serializer@2.0.0": {
      "integrity": "sha512-wIkAryiqt/nV5EQKqQpo3SToSOV9J0DnbJqwK7Wv/Trc92zIAYZ4FlMu+JPFW1DfGFt81ZTCGgDEabffXeLyJg==",
      "dependencies": [
        "domelementtype",
        "domhandler",
        "entities"
      ]
    },
    "domelementtype@2.3.0": {
      "integrity": "sha512-OLETBj6w0OsagBwdXnPdN0cnMfF9opN69co+7ZrbfPGrdpPVNBUj02spi6B1N7wChLQiPn4CSH/zJvXw56gmHw=="
    },
    "domhandler@5.0.3": {
      "integrity": "sha512-cgwlv/1iFQiFnU96XXgROh8xTeetsnJiDsTc7TYCLFd9+/WNkIqPTxiM/8pSd8VIrhXGTf1Ny1q1hquVqDJB5w==",
      "dependencies": [
        "domelementtype"
      ]
    },
    "domutils@3.2.2": {
      "integrity": "sha512-6kZKyUajlDuqlHKVX1w7gyslj9MPIXzIFiz/rGu35uC1wMi+kMhQwGhl4lt9unC9Vb9INnY9Z3/ZA3+FhASLaw==",
      "dependencies": [
        "dom-serializer",
        "domelementtype",
        "domhandler"
      ]
    },
    "eastasianwidth@0.2.0": {
      "integrity": "sha512-I88TYZWc9XiYHRQ4/3c5rjjfgkjhLyW2luGIheGERbNQ6OY7yTybanSpDXZa8y7VUP9YmDcYa+eyq4ca7iLqWA=="
    },
    "editorconfig@1.0.4": {
      "integrity": "sha512-L9Qe08KWTlqYMVvMcTIvMAdl1cDUubzRNYL+WfA4bLDMHe4nemKkpmYzkznE1FwLKu0EEmy6obgQKzMJrg4x9Q==",
      "dependencies": [
        "@one-ini/wasm",
        "commander",
        "minimatch@9.0.1",
        "semver"
      ]
    },
    "emoji-regex@8.0.0": {
      "integrity": "sha512-MSjYzcWNOA0ewAHpz0MxpYFvwg6yjy1NG3xteoqz644VCo/RPgnr1/GGt+ic3iJTzQ8Eu3TdM14SawnVUmGE6A=="
    },
    "emoji-regex@9.2.2": {
      "integrity": "sha512-L18DaJsXSUk2+42pv8mLs5jJT2hqFkFE4j21wOmgbUqsZ2hL72NsUU785g9RXgo3s0ZNgVl42TiHp3ZtOv/Vyg=="
    },
    "entities@4.5.0": {
      "integrity": "sha512-V0hjH4dGPh9Ao5p0MoRY6BVqtwCjhz6vI5LT8AJ55H+4g9/4vbHx1I54fS0XuclLhDHArPQCiMjDxjaL8fPxhw=="
    },
    "fast-deep-equal@2.0.1": {
      "integrity": "sha512-bCK/2Z4zLidyB4ReuIsvALH6w31YfAQDmXMqMx6FyfHqvBxtjC0eRumeSu4Bs3XtXwpyIywtSTrVT99BxY1f9w=="
    },
    "fast-sha256@1.3.0": {
      "integrity": "sha512-n11RGP/lrWEFI/bWdygLxhI+pVeo1ZYIVwvvPkW7azl/rOy+F3HYRZ2K5zeE9mmkhQppyv9sQFx0JM9UabnpPQ=="
    },
    "foreground-child@3.3.0": {
      "integrity": "sha512-Ld2g8rrAyMYFXBhEqMz8ZAHBi4J4uS1i/CxGMDnjyFWddMXLVcDp051DZfu+t7+ab7Wv6SMqpWmyFIj5UbfFvg==",
      "dependencies": [
        "cross-spawn",
        "signal-exit"
      ]
    },
    "glob@10.4.5": {
      "integrity": "sha512-7Bv8RF0k6xjo7d4A/PxYLbUCfb6c+Vpd2/mB2yRDlew7Jb5hEXiCD9ibfO7wpk8i4sevK6DFny9h7EYbM3/sHg==",
      "dependencies": [
        "foreground-child",
        "jackspeak",
        "minimatch@9.0.5",
        "minipass",
        "package-json-from-dist",
        "path-scurry"
      ]
    },
    "html-to-text@9.0.5": {
      "integrity": "sha512-qY60FjREgVZL03vJU6IfMV4GDjGBIoOyvuFdpBDIX9yTlDw0TjxVBQp+P8NvpdIXNJvfWBTNul7fsAQJq2FNpg==",
      "dependencies": [
        "@selderee/plugin-htmlparser2",
        "deepmerge",
        "dom-serializer",
        "htmlparser2",
        "selderee"
      ]
    },
    "htmlparser2@8.0.2": {
      "integrity": "sha512-GYdjWKDkbRLkZ5geuHs5NY1puJ+PXwP7+fHPRz06Eirsb9ugf6d8kkXav6ADhcODhFFPMIXyxkxSuMf3D6NCFA==",
      "dependencies": [
        "domelementtype",
        "domhandler",
        "domutils",
        "entities"
      ]
    },
    "ini@1.3.8": {
      "integrity": "sha512-JV/yugV2uzW5iMRSiZAyDtQd+nxtUnjeLt0acNdw98kKLrvuRVyB80tsREOE7yvGVgalhZ6RNXCmEHkUKBKxew=="
    },
    "is-fullwidth-code-point@3.0.0": {
      "integrity": "sha512-zymm5+u+sCsSWyD9qNaejV3DFvhCKclKdizYaJUuHA83RLjb7nSuGnddCHGv0hk+KY7BMAlsWeK4Ueg6EV6XQg=="
    },
    "isexe@2.0.0": {
      "integrity": "sha512-RHxMLp9lnKHGHRng9QFhRCMbYAcVpn69smSGcq3f36xjgVVWThj4qqLbTLlq7Ssj8B+fIQ1EuCEGI2lKsyQeIw=="
    },
    "jackspeak@3.4.3": {
      "integrity": "sha512-OGlZQpz2yfahA/Rd1Y8Cd9SIEsqvXkLVoSw/cgwhnhFMDbsQFeZYoJJ7bIZBS9BcamUW96asq/npPWugM+RQBw==",
      "dependencies": [
        "@isaacs/cliui",
        "@pkgjs/parseargs"
      ]
    },
    "js-beautify@1.15.3": {
      "integrity": "sha512-rKKGuyTxGNlyN4EQKWzNndzXpi0bOl8Gl8YQAW1as/oMz0XhD6sHJO1hTvoBDOSzKuJb9WkwoAb34FfdkKMv2A==",
      "dependencies": [
        "config-chain",
        "editorconfig",
        "glob",
        "js-cookie",
        "nopt"
      ]
    },
    "js-cookie@3.0.5": {
      "integrity": "sha512-cEiJEAEoIbWfCZYKWhVwFuvPX1gETRYPw6LlaTKoxD3s2AkXzkCjnp6h0V77ozyqj0jakteJ4YqDJT830+lVGw=="
    },
    "js-tokens@4.0.0": {
      "integrity": "sha512-RdJUflcE3cUzKiMqQgsCu06FPu9UdIJO0beYbPhHN4k6apgJtifcoCtT9bcxOpYBtpD2kCM6Sbzg4CausW/PKQ=="
    },
    "leac@0.6.0": {
      "integrity": "sha512-y+SqErxb8h7nE/fiEX07jsbuhrpO9lL8eca7/Y1nuWV2moNlXhyd59iDGcRf6moVyDMbmTNzL40SUyrFU/yDpg=="
    },
    "loose-envify@1.4.0": {
      "integrity": "sha512-lyuxPGr/Wfhrlem2CL/UcnUc1zcqKAImBDzukY7Y5F/yQiNdko6+fRLevlw1HgMySw7f611UIY408EtxRSoK3Q==",
      "dependencies": [
        "js-tokens"
      ]
    },
    "lru-cache@10.4.3": {
      "integrity": "sha512-JNAzZcXrCt42VGLuYz0zfAzDfAvJWW6AfYlDBQyDV5DClI2m5sAmK+OIO7s59XfsRsWHp02jAJrRadPRGTt6SQ=="
    },
    "marked@7.0.4": {
      "integrity": "sha512-t8eP0dXRJMtMvBojtkcsA7n48BkauktUKzfkPSCq85ZMTJ0v76Rke4DYz01omYpPTUh4p/f7HePgRo3ebG8+QQ=="
    },
    "md-to-react-email@5.0.2_react@18.3.1": {
      "integrity": "sha512-x6kkpdzIzUhecda/yahltfEl53mH26QdWu4abUF9+S0Jgam8P//Ciro8cdhyMHnT5MQUJYrIbO6ORM2UxPiNNA==",
      "dependencies": [
        "marked",
        "react"
      ]
    },
    "minimatch@9.0.1": {
      "integrity": "sha512-0jWhJpD/MdhPXwPuiRkCbfYfSKp2qnn2eOc279qI7f+osl/l+prKSrvhg157zSYvx/1nmgn2NqdT6k2Z7zSH9w==",
      "dependencies": [
        "brace-expansion"
      ]
    },
    "minimatch@9.0.5": {
      "integrity": "sha512-G6T0ZX48xgozx7587koeX9Ys2NYy6Gmv//P89sEte9V9whIapMNF4idKxnW2QtCcLiTWlb/wfCabAtAFWhhBow==",
      "dependencies": [
        "brace-expansion"
      ]
    },
    "minipass@7.1.2": {
      "integrity": "sha512-qOOzS1cBTWYF4BH8fVePDBOO9iptMnGUEZwNc/cMWnTV2nVLZ7VoNWEPHkYczZA0pdoA7dl6e7FL659nX9S2aw=="
    },
    "nopt@8.1.0": {
      "integrity": "sha512-ieGu42u/Qsa4TFktmaKEwM6MQH0pOWnaB3htzh0JRtx84+Mebc0cbZYN5bC+6WTZ4+77xrL9Pn5m7CV6VIkV7A==",
      "dependencies": [
        "abbrev"
      ]
    },
    "package-json-from-dist@1.0.1": {
      "integrity": "sha512-UEZIS3/by4OC8vL3P2dTXRETpebLI2NiI5vIrjaD/5UtrkFX/tNbwjTSRAGC/+7CAo2pIcBaRgWmcBBHcsaCIw=="
    },
    "parseley@0.12.1": {
      "integrity": "sha512-e6qHKe3a9HWr0oMRVDTRhKce+bRO8VGQR3NyVwcjwrbhMmFCX9KszEV35+rn4AdilFAq9VPxP/Fe1wC9Qjd2lw==",
      "dependencies": [
        "leac",
        "peberminta"
      ]
    },
    "path-key@3.1.1": {
      "integrity": "sha512-ojmeN0qd+y0jszEtoY48r0Peq5dwMEkIlCOu6Q5f41lfkswXuKtYrhgoTpLnyIcHm24Uhqx+5Tqm2InSwLhE6Q=="
    },
    "path-scurry@1.11.1": {
      "integrity": "sha512-Xa4Nw17FS9ApQFJ9umLiJS4orGjm7ZzwUrwamcGQuHSzDyth9boKDaycYdDcZDuqYATXw4HFXgaqWTctW/v1HA==",
      "dependencies": [
        "lru-cache",
        "minipass"
      ]
    },
    "peberminta@0.9.0": {
      "integrity": "sha512-XIxfHpEuSJbITd1H3EeQwpcZbTLHc+VVr8ANI9t5sit565tsI4/xK3KWTUFE2e6QiangUkh3B0jihzmGnNrRsQ=="
    },
    "prismjs@1.29.0": {
      "integrity": "sha512-Kx/1w86q/epKcmte75LNrEoT+lX8pBpavuAbvJWRXar7Hz8jrtF+e3vY751p0R8H9HdArwaCTNDDzHg/ScJK1Q=="
    },
    "proto-list@1.2.4": {
      "integrity": "sha512-vtK/94akxsTMhe0/cbfpR+syPuszcuwhqVjJq26CuNDgFGj682oRBXOP5MJpv2r7JtE8MsiepGIqvvOTBwn2vA=="
    },
    "react-dom@18.3.1_react@18.3.1": {
      "integrity": "sha512-5m4nQKp+rZRb09LNH59GM4BxTh9251/ylbKIbpe7TpGxfJ+9kv6BLkLBXIjjspbgbnIBNqlI23tRnTWT0snUIw==",
      "dependencies": [
        "loose-envify",
        "react",
        "scheduler"
      ]
    },
    "react-promise-suspense@0.3.4": {
      "integrity": "sha512-I42jl7L3Ze6kZaq+7zXWSunBa3b1on5yfvUW6Eo/3fFOj6dZ5Bqmcd264nJbTK/gn1HjjILAjSwnZbV4RpSaNQ==",
      "dependencies": [
        "fast-deep-equal"
      ]
    },
    "react@18.3.1": {
      "integrity": "sha512-wS+hAgJShR0KhEvPJArfuPVN1+Hz1t0Y6n5jLrGQbkb4urgPE/0Rve+1kMB1v/oWgHgm4WIcV+i7F2pTVj+2iQ==",
      "dependencies": [
        "loose-envify"
      ]
    },
    "resend@4.0.0_react@18.3.1": {
      "integrity": "sha512-rDX0rspl/XcmC2JV2V5obQvRX2arzxXUvNFUDMOv5ObBLR68+7kigCOysb7+dlkb0JE3erhQG0nHrbBt/ZCWIg==",
      "dependencies": [
        "@react-email/render@0.0.17_react@18.3.1_react-dom@18.3.1__react@18.3.1"
      ]
    },
    "resend@4.1.2_react@18.3.1": {
      "integrity": "sha512-km0btrAj/BqIaRlS+SoLNMaCAUUWEgcEvZpycfVvoXEwAHCxU+vp/ikxPgKRkyKyiR2iDcdUq5uIBTDK9oSSSQ==",
      "dependencies": [
        "@react-email/render@1.0.1_react@18.3.1_react-dom@18.3.1__react@18.3.1"
      ]
    },
    "scheduler@0.23.2": {
      "integrity": "sha512-UOShsPwz7NrMUqhR6t0hWjFduvOzbtv7toDH1/hIrfRNIDBnnBWd0CwJTGvTpngVlmwGCdP9/Zl/tVrDqcuYzQ==",
      "dependencies": [
        "loose-envify"
      ]
    },
    "selderee@0.11.0": {
      "integrity": "sha512-5TF+l7p4+OsnP8BCCvSyZiSPc4x4//p5uPwK8TCnVPJYRmU2aYKMpOXvw8zM5a5JvuuCGN1jmsMwuU2W02ukfA==",
      "dependencies": [
        "parseley"
      ]
    },
    "semver@7.7.1": {
      "integrity": "sha512-hlq8tAfn0m/61p4BVRcPzIGr6LKiMwo4VM6dGi6pt4qcRkmNzTcWq6eCEjEh+qXjkMDvPlOFFSGwQjoEa6gyMA=="
    },
    "shebang-command@2.0.0": {
      "integrity": "sha512-kHxr2zZpYtdmrN1qDjrrX/Z1rR1kG8Dx+gkpK1G4eXmvXswmcE1hTWBWYUzlraYw1/yZp6YuDY77YtvbN0dmDA==",
      "dependencies": [
        "shebang-regex"
      ]
    },
    "shebang-regex@3.0.0": {
      "integrity": "sha512-7++dFhtcx3353uBaq8DDR4NuxBetBzC7ZQOhmTQInHEd6bSrXdiEyzCvG07Z44UYdLShWUyXt5M/yhz8ekcb1A=="
    },
    "signal-exit@4.1.0": {
      "integrity": "sha512-bzyZ1e88w9O1iNJbKnOlvYTrWPDl46O1bG0D3XInv+9tkPrxrN8jUUTiFlDkkmKWgn1M6CfIA13SuGqOa9Korw=="
    },
    "standardwebhooks@1.0.0": {
      "integrity": "sha512-BbHGOQK9olHPMvQNHWul6MYlrRTAOKn03rOe4A8O3CLWhNf4YHBqq2HJKKC+sfqpxiBY52pNeesD6jIiLDz8jg==",
      "dependencies": [
        "@stablelib/base64",
        "fast-sha256"
      ]
    },
    "string-width@4.2.3": {
      "integrity": "sha512-wKyQRQpjJ0sIp62ErSZdGsjMJWsap5oRNihHhu6G7JVO/9jIB6UyevL+tXuOqrng8j/cxKTWyWUwvSTriiZz/g==",
      "dependencies": [
        "emoji-regex@8.0.0",
        "is-fullwidth-code-point",
        "strip-ansi@6.0.1"
      ]
    },
    "string-width@5.1.2": {
      "integrity": "sha512-HnLOCR3vjcY8beoNLtcjZ5/nxn2afmME6lhrDrebokqMap+XbeW8n9TXpPDOqdGK5qcI3oT0GKTW6wC7EMiVqA==",
      "dependencies": [
        "eastasianwidth",
        "emoji-regex@9.2.2",
        "strip-ansi@7.1.0"
      ]
    },
    "strip-ansi@6.0.1": {
      "integrity": "sha512-Y38VPSHcqkFrCpFnQ9vuSXmquuv5oXOKpGeT6aGrr3o3Gc9AlVa6JBfUSOCnbxGGZF+/0ooI7KrPuUSztUdU5A==",
      "dependencies": [
        "ansi-regex@5.0.1"
      ]
    },
    "strip-ansi@7.1.0": {
      "integrity": "sha512-iq6eVVI64nQQTRYq2KtEg2d2uU7LElhTJwsH4YzIHZshxlgZms/wIc4VoDQTlG/IvVIrBKG06CrZnp0qv7hkcQ==",
      "dependencies": [
        "ansi-regex@6.1.0"
      ]
    },
    "which@2.0.2": {
      "integrity": "sha512-BLI3Tl1TW3Pvl70l3yq3Y64i+awpwXqsGBYWkkqMtnbXgrMD+yj7rhW0kuEDxzJaYXGjEW5ogapKNMEKNMjibA==",
      "dependencies": [
        "isexe"
      ]
    },
    "wrap-ansi@7.0.0": {
      "integrity": "sha512-YVGIj2kamLSTxw6NsZjoBxfSwsn0ycdesmc4p+Q21c5zPuZ1pl+NfxVdxPtdHvmNVOQ6XSYG4AUtyt/Fi7D16Q==",
      "dependencies": [
        "ansi-styles@4.3.0",
        "string-width@4.2.3",
        "strip-ansi@6.0.1"
      ]
    },
    "wrap-ansi@8.1.0": {
      "integrity": "sha512-si7QWI6zUMq56bESFvagtmzMdGOtoxfR+Sez11Mobfc7tm+VkUckk9bW2UeffTGVUbOksxmSw0AA2gs8g71NCQ==",
      "dependencies": [
        "ansi-styles@6.2.1",
        "string-width@5.1.2",
        "strip-ansi@7.1.0"
      ]
    }
  },
  "redirects": {
    "https://esm.sh/@stablelib/base64@^1.0.0?target=denonext": "https://esm.sh/@stablelib/base64@1.0.1?target=denonext",
    "https://esm.sh/fast-sha256@^1.3.0?target=denonext": "https://esm.sh/fast-sha256@1.3.0?target=denonext"
  },
  "remote": {
    "https://esm.sh/@stablelib/base64@1.0.1/denonext/base64.mjs": "2cbea3c1a8073a74085853b877cbd554549c05cd2fcc86b173fb4e950ad5162c",
    "https://esm.sh/@stablelib/base64@1.0.1?target=denonext": "d6a21d947314ef3a453f3e0dc95c17b7c5d4ca4a29937f10eea783360a736c51",
    "https://esm.sh/fast-sha256@1.3.0/denonext/fast-sha256.mjs": "7a13f9dac67165a69a042f7670635f248e14130113d3f35b8b5b92524ae3c009",
    "https://esm.sh/fast-sha256@1.3.0?target=denonext": "e1af1f94f63902ce191180a8ede5eda744b74f6abb885dae5f8b1fd9e13c8575",
    "https://esm.sh/standardwebhooks@1.0.0": "b8cafcb7e9a890c14c0eb74cb093f36333000122e2276cc204818f6a680c8ba9",
    "https://esm.sh/standardwebhooks@1.0.0/denonext/standardwebhooks.mjs": "c0e4bbcd5a885307f4466a9c2783319e052ac95aea3daaf5af9e607ba378d1df"
  },
  "workspace": {
    "dependencies": [
      "npm:@react-email/components@0.0.22",
      "npm:react@18.3.1",
      "npm:resend@4.1.2",
      "npm:standardwebhooks@1.0.0"
    ]
  }
}
